// !$*UTF8*$!
{
	archiveVersion = 1;
	classes = {
	};
	objectVersion = 46;
	objects = {

/* Begin PBXBuildFile section */
		7C8230C1154BDC7F00CFB886 /* UIKit.framework in Frameworks */ = {isa = PBXBuildFile; fileRef = 7C8230C0154BDC7F00CFB886 /* UIKit.framework */; };
		7C8230C3154BDC7F00CFB886 /* Foundation.framework in Frameworks */ = {isa = PBXBuildFile; fileRef = 7C8230C2154BDC7F00CFB886 /* Foundation.framework */; };
		7C8230C5154BDC7F00CFB886 /* CoreGraphics.framework in Frameworks */ = {isa = PBXBuildFile; fileRef = 7C8230C4154BDC7F00CFB886 /* CoreGraphics.framework */; };
		7C8230C7154BDC7F00CFB886 /* CoreData.framework in Frameworks */ = {isa = PBXBuildFile; fileRef = 7C8230C6154BDC7F00CFB886 /* CoreData.framework */; };
		7C8230CD154BDC7F00CFB886 /* InfoPlist.strings in Resources */ = {isa = PBXBuildFile; fileRef = 7C8230CB154BDC7F00CFB886 /* InfoPlist.strings */; };
		7C8230CF154BDC7F00CFB886 /* main.m in Sources */ = {isa = PBXBuildFile; fileRef = 7C8230CE154BDC7F00CFB886 /* main.m */; };
		7C8230D3154BDC7F00CFB886 /* LLAppDelegate.m in Sources */ = {isa = PBXBuildFile; fileRef = 7C8230D2154BDC7F00CFB886 /* LLAppDelegate.m */; };
		7C8230D6154BDC7F00CFB886 /* ClienteLectorLibro.xcdatamodeld in Sources */ = {isa = PBXBuildFile; fileRef = 7C8230D4154BDC7F00CFB886 /* ClienteLectorLibro.xcdatamodeld */; };
		7C8230DE154BDC7F00CFB886 /* SenTestingKit.framework in Frameworks */ = {isa = PBXBuildFile; fileRef = 7C8230DD154BDC7F00CFB886 /* SenTestingKit.framework */; };
		7C8230DF154BDC7F00CFB886 /* UIKit.framework in Frameworks */ = {isa = PBXBuildFile; fileRef = 7C8230C0154BDC7F00CFB886 /* UIKit.framework */; };
		7C8230E0154BDC7F00CFB886 /* Foundation.framework in Frameworks */ = {isa = PBXBuildFile; fileRef = 7C8230C2154BDC7F00CFB886 /* Foundation.framework */; };
		7C8230E1154BDC7F00CFB886 /* CoreData.framework in Frameworks */ = {isa = PBXBuildFile; fileRef = 7C8230C6154BDC7F00CFB886 /* CoreData.framework */; };
		7C8230E9154BDC7F00CFB886 /* InfoPlist.strings in Resources */ = {isa = PBXBuildFile; fileRef = 7C8230E7154BDC7F00CFB886 /* InfoPlist.strings */; };
		7C8230EC154BDC7F00CFB886 /* ClienteLectorLibroTests.m in Sources */ = {isa = PBXBuildFile; fileRef = 7C8230EB154BDC7F00CFB886 /* ClienteLectorLibroTests.m */; };
/* End PBXBuildFile section */

/* Begin PBXContainerItemProxy section */
		7C8230E2154BDC7F00CFB886 /* PBXContainerItemProxy */ = {
			isa = PBXContainerItemProxy;
			containerPortal = 7C8230B3154BDC7E00CFB886 /* Project object */;
			proxyType = 1;
			remoteGlobalIDString = 7C8230BB154BDC7F00CFB886;
			remoteInfo = ClienteLectorLibro;
		};
/* End PBXContainerItemProxy section */

/* Begin PBXFileReference section */
		7C8230BC154BDC7F00CFB886 /* ClienteLectorLibro.app */ = {isa = PBXFileReference; explicitFileType = wrapper.application; includeInIndex = 0; path = ClienteLectorLibro.app; sourceTree = BUILT_PRODUCTS_DIR; };
		7C8230C0154BDC7F00CFB886 /* UIKit.framework */ = {isa = PBXFileReference; lastKnownFileType = wrapper.framework; name = UIKit.framework; path = System/Library/Frameworks/UIKit.framework; sourceTree = SDKROOT; };
		7C8230C2154BDC7F00CFB886 /* Foundation.framework */ = {isa = PBXFileReference; lastKnownFileType = wrapper.framework; name = Foundation.framework; path = System/Library/Frameworks/Foundation.framework; sourceTree = SDKROOT; };
		7C8230C4154BDC7F00CFB886 /* CoreGraphics.framework */ = {isa = PBXFileReference; lastKnownFileType = wrapper.framework; name = CoreGraphics.framework; path = System/Library/Frameworks/CoreGraphics.framework; sourceTree = SDKROOT; };
		7C8230C6154BDC7F00CFB886 /* CoreData.framework */ = {isa = PBXFileReference; lastKnownFileType = wrapper.framework; name = CoreData.framework; path = System/Library/Frameworks/CoreData.framework; sourceTree = SDKROOT; };
		7C8230CA154BDC7F00CFB886 /* ClienteLectorLibro-Info.plist */ = {isa = PBXFileReference; lastKnownFileType = text.plist.xml; path = "ClienteLectorLibro-Info.plist"; sourceTree = "<group>"; };
		7C8230CC154BDC7F00CFB886 /* en */ = {isa = PBXFileReference; lastKnownFileType = text.plist.strings; name = en; path = en.lproj/InfoPlist.strings; sourceTree = "<group>"; };
		7C8230CE154BDC7F00CFB886 /* main.m */ = {isa = PBXFileReference; lastKnownFileType = sourcecode.c.objc; path = main.m; sourceTree = "<group>"; };
		7C8230D0154BDC7F00CFB886 /* ClienteLectorLibro-Prefix.pch */ = {isa = PBXFileReference; lastKnownFileType = sourcecode.c.h; path = "ClienteLectorLibro-Prefix.pch"; sourceTree = "<group>"; };
		7C8230D1154BDC7F00CFB886 /* LLAppDelegate.h */ = {isa = PBXFileReference; lastKnownFileType = sourcecode.c.h; path = LLAppDelegate.h; sourceTree = "<group>"; };
		7C8230D2154BDC7F00CFB886 /* LLAppDelegate.m */ = {isa = PBXFileReference; lastKnownFileType = sourcecode.c.objc; path = LLAppDelegate.m; sourceTree = "<group>"; };
		7C8230D5154BDC7F00CFB886 /* ClienteLectorLibro.xcdatamodel */ = {isa = PBXFileReference; lastKnownFileType = wrapper.xcdatamodel; path = ClienteLectorLibro.xcdatamodel; sourceTree = "<group>"; };
		7C8230DC154BDC7F00CFB886 /* ClienteLectorLibroTests.octest */ = {isa = PBXFileReference; explicitFileType = wrapper.cfbundle; includeInIndex = 0; path = ClienteLectorLibroTests.octest; sourceTree = BUILT_PRODUCTS_DIR; };
		7C8230DD154BDC7F00CFB886 /* SenTestingKit.framework */ = {isa = PBXFileReference; lastKnownFileType = wrapper.framework; name = SenTestingKit.framework; path = Library/Frameworks/SenTestingKit.framework; sourceTree = DEVELOPER_DIR; };
		7C8230E6154BDC7F00CFB886 /* ClienteLectorLibroTests-Info.plist */ = {isa = PBXFileReference; lastKnownFileType = text.plist.xml; path = "ClienteLectorLibroTests-Info.plist"; sourceTree = "<group>"; };
		7C8230E8154BDC7F00CFB886 /* en */ = {isa = PBXFileReference; lastKnownFileType = text.plist.strings; name = en; path = en.lproj/InfoPlist.strings; sourceTree = "<group>"; };
		7C8230EA154BDC7F00CFB886 /* ClienteLectorLibroTests.h */ = {isa = PBXFileReference; lastKnownFileType = sourcecode.c.h; path = ClienteLectorLibroTests.h; sourceTree = "<group>"; };
		7C8230EB154BDC7F00CFB886 /* ClienteLectorLibroTests.m */ = {isa = PBXFileReference; lastKnownFileType = sourcecode.c.objc; path = ClienteLectorLibroTests.m; sourceTree = "<group>"; };
/* End PBXFileReference section */

/* Begin PBXFrameworksBuildPhase section */
		7C8230B9154BDC7F00CFB886 /* Frameworks */ = {
			isa = PBXFrameworksBuildPhase;
			buildActionMask = 2147483647;
			files = (
				7C8230C1154BDC7F00CFB886 /* UIKit.framework in Frameworks */,
				7C8230C3154BDC7F00CFB886 /* Foundation.framework in Frameworks */,
				7C8230C5154BDC7F00CFB886 /* CoreGraphics.framework in Frameworks */,
				7C8230C7154BDC7F00CFB886 /* CoreData.framework in Frameworks */,
			);
			runOnlyForDeploymentPostprocessing = 0;
		};
		7C8230D8154BDC7F00CFB886 /* Frameworks */ = {
			isa = PBXFrameworksBuildPhase;
			buildActionMask = 2147483647;
			files = (
				7C8230DE154BDC7F00CFB886 /* SenTestingKit.framework in Frameworks */,
				7C8230DF154BDC7F00CFB886 /* UIKit.framework in Frameworks */,
				7C8230E0154BDC7F00CFB886 /* Foundation.framework in Frameworks */,
				7C8230E1154BDC7F00CFB886 /* CoreData.framework in Frameworks */,
			);
			runOnlyForDeploymentPostprocessing = 0;
		};
/* End PBXFrameworksBuildPhase section */

/* Begin PBXGroup section */
		7C8230B1154BDC7E00CFB886 = {
			isa = PBXGroup;
			children = (
				7C8230C8154BDC7F00CFB886 /* ClienteLectorLibro */,
				7C8230E4154BDC7F00CFB886 /* ClienteLectorLibroTests */,
				7C8230BF154BDC7F00CFB886 /* Frameworks */,
				7C8230BD154BDC7F00CFB886 /* Products */,
			);
			sourceTree = "<group>";
		};
		7C8230BD154BDC7F00CFB886 /* Products */ = {
			isa = PBXGroup;
			children = (
				7C8230BC154BDC7F00CFB886 /* ClienteLectorLibro.app */,
				7C8230DC154BDC7F00CFB886 /* ClienteLectorLibroTests.octest */,
			);
			name = Products;
			sourceTree = "<group>";
		};
		7C8230BF154BDC7F00CFB886 /* Frameworks */ = {
			isa = PBXGroup;
			children = (
				7C8230C0154BDC7F00CFB886 /* UIKit.framework */,
				7C8230C2154BDC7F00CFB886 /* Foundation.framework */,
				7C8230C4154BDC7F00CFB886 /* CoreGraphics.framework */,
				7C8230C6154BDC7F00CFB886 /* CoreData.framework */,
				7C8230DD154BDC7F00CFB886 /* SenTestingKit.framework */,
			);
			name = Frameworks;
			sourceTree = "<group>";
		};
		7C8230C8154BDC7F00CFB886 /* ClienteLectorLibro */ = {
			isa = PBXGroup;
			children = (
				7C8230D1154BDC7F00CFB886 /* LLAppDelegate.h */,
				7C8230D2154BDC7F00CFB886 /* LLAppDelegate.m */,
				7C8230D4154BDC7F00CFB886 /* ClienteLectorLibro.xcdatamodeld */,
				7C8230C9154BDC7F00CFB886 /* Supporting Files */,
			);
			path = ClienteLectorLibro;
			sourceTree = "<group>";
		};
		7C8230C9154BDC7F00CFB886 /* Supporting Files */ = {
			isa = PBXGroup;
			children = (
				7C8230CA154BDC7F00CFB886 /* ClienteLectorLibro-Info.plist */,
				7C8230CB154BDC7F00CFB886 /* InfoPlist.strings */,
				7C8230CE154BDC7F00CFB886 /* main.m */,
				7C8230D0154BDC7F00CFB886 /* ClienteLectorLibro-Prefix.pch */,
			);
			name = "Supporting Files";
			sourceTree = "<group>";
		};
		7C8230E4154BDC7F00CFB886 /* ClienteLectorLibroTests */ = {
			isa = PBXGroup;
			children = (
				7C8230EA154BDC7F00CFB886 /* ClienteLectorLibroTests.h */,
				7C8230EB154BDC7F00CFB886 /* ClienteLectorLibroTests.m */,
				7C8230E5154BDC7F00CFB886 /* Supporting Files */,
			);
			path = ClienteLectorLibroTests;
			sourceTree = "<group>";
		};
		7C8230E5154BDC7F00CFB886 /* Supporting Files */ = {
			isa = PBXGroup;
			children = (
				7C8230E6154BDC7F00CFB886 /* ClienteLectorLibroTests-Info.plist */,
				7C8230E7154BDC7F00CFB886 /* InfoPlist.strings */,
			);
			name = "Supporting Files";
			sourceTree = "<group>";
		};
/* End PBXGroup section */

/* Begin PBXNativeTarget section */
		7C8230BB154BDC7F00CFB886 /* ClienteLectorLibro */ = {
			isa = PBXNativeTarget;
			buildConfigurationList = 7C8230EF154BDC7F00CFB886 /* Build configuration list for PBXNativeTarget "ClienteLectorLibro" */;
			buildPhases = (
				7C8230B8154BDC7F00CFB886 /* Sources */,
				7C8230B9154BDC7F00CFB886 /* Frameworks */,
				7C8230BA154BDC7F00CFB886 /* Resources */,
			);
			buildRules = (
			);
			dependencies = (
			);
			name = ClienteLectorLibro;
			productName = ClienteLectorLibro;
			productReference = 7C8230BC154BDC7F00CFB886 /* ClienteLectorLibro.app */;
			productType = "com.apple.product-type.application";
		};
		7C8230DB154BDC7F00CFB886 /* ClienteLectorLibroTests */ = {
			isa = PBXNativeTarget;
			buildConfigurationList = 7C8230F2154BDC7F00CFB886 /* Build configuration list for PBXNativeTarget "ClienteLectorLibroTests" */;
			buildPhases = (
				7C8230D7154BDC7F00CFB886 /* Sources */,
				7C8230D8154BDC7F00CFB886 /* Frameworks */,
				7C8230D9154BDC7F00CFB886 /* Resources */,
				7C8230DA154BDC7F00CFB886 /* ShellScript */,
			);
			buildRules = (
			);
			dependencies = (
				7C8230E3154BDC7F00CFB886 /* PBXTargetDependency */,
			);
			name = ClienteLectorLibroTests;
			productName = ClienteLectorLibroTests;
			productReference = 7C8230DC154BDC7F00CFB886 /* ClienteLectorLibroTests.octest */;
			productType = "com.apple.product-type.bundle";
		};
/* End PBXNativeTarget section */

/* Begin PBXProject section */
		7C8230B3154BDC7E00CFB886 /* Project object */ = {
			isa = PBXProject;
			attributes = {
				CLASSPREFIX = LL;
				LastUpgradeCheck = 0430;
				ORGANIZATIONNAME = "Softamo S.L.U";
			};
			buildConfigurationList = 7C8230B6154BDC7E00CFB886 /* Build configuration list for PBXProject "ClienteLectorLibro" */;
			compatibilityVersion = "Xcode 3.2";
			developmentRegion = English;
			hasScannedForEncodings = 0;
			knownRegions = (
				en,
			);
			mainGroup = 7C8230B1154BDC7E00CFB886;
			productRefGroup = 7C8230BD154BDC7F00CFB886 /* Products */;
			projectDirPath = "";
			projectRoot = "";
			targets = (
				7C8230BB154BDC7F00CFB886 /* ClienteLectorLibro */,
				7C8230DB154BDC7F00CFB886 /* ClienteLectorLibroTests */,
			);
		};
/* End PBXProject section */

/* Begin PBXResourcesBuildPhase section */
		7C8230BA154BDC7F00CFB886 /* Resources */ = {
			isa = PBXResourcesBuildPhase;
			buildActionMask = 2147483647;
			files = (
				7C8230CD154BDC7F00CFB886 /* InfoPlist.strings in Resources */,
			);
			runOnlyForDeploymentPostprocessing = 0;
		};
		7C8230D9154BDC7F00CFB886 /* Resources */ = {
			isa = PBXResourcesBuildPhase;
			buildActionMask = 2147483647;
			files = (
				7C8230E9154BDC7F00CFB886 /* InfoPlist.strings in Resources */,
			);
			runOnlyForDeploymentPostprocessing = 0;
		};
/* End PBXResourcesBuildPhase section */

/* Begin PBXShellScriptBuildPhase section */
		7C8230DA154BDC7F00CFB886 /* ShellScript */ = {
			isa = PBXShellScriptBuildPhase;
			buildActionMask = 2147483647;
			files = (
			);
			inputPaths = (
			);
			outputPaths = (
			);
			runOnlyForDeploymentPostprocessing = 0;
			shellPath = /bin/sh;
			shellScript = "# Run the unit tests in this test bundle.\n\"${SYSTEM_DEVELOPER_DIR}/Tools/RunUnitTests\"\n";
		};
/* End PBXShellScriptBuildPhase section */

/* Begin PBXSourcesBuildPhase section */
		7C8230B8154BDC7F00CFB886 /* Sources */ = {
			isa = PBXSourcesBuildPhase;
			buildActionMask = 2147483647;
			files = (
				7C8230CF154BDC7F00CFB886 /* main.m in Sources */,
				7C8230D3154BDC7F00CFB886 /* LLAppDelegate.m in Sources */,
				7C8230D6154BDC7F00CFB886 /* ClienteLectorLibro.xcdatamodeld in Sources */,
			);
			runOnlyForDeploymentPostprocessing = 0;
		};
		7C8230D7154BDC7F00CFB886 /* Sources */ = {
			isa = PBXSourcesBuildPhase;
			buildActionMask = 2147483647;
			files = (
				7C8230EC154BDC7F00CFB886 /* ClienteLectorLibroTests.m in Sources */,
			);
			runOnlyForDeploymentPostprocessing = 0;
		};
/* End PBXSourcesBuildPhase section */

/* Begin PBXTargetDependency section */
		7C8230E3154BDC7F00CFB886 /* PBXTargetDependency */ = {
			isa = PBXTargetDependency;
			target = 7C8230BB154BDC7F00CFB886 /* ClienteLectorLibro */;
			targetProxy = 7C8230E2154BDC7F00CFB886 /* PBXContainerItemProxy */;
		};
/* End PBXTargetDependency section */

/* Begin PBXVariantGroup section */
		7C8230CB154BDC7F00CFB886 /* InfoPlist.strings */ = {
			isa = PBXVariantGroup;
			children = (
				7C8230CC154BDC7F00CFB886 /* en */,
			);
			name = InfoPlist.strings;
			sourceTree = "<group>";
		};
		7C8230E7154BDC7F00CFB886 /* InfoPlist.strings */ = {
			isa = PBXVariantGroup;
			children = (
				7C8230E8154BDC7F00CFB886 /* en */,
			);
			name = InfoPlist.strings;
			sourceTree = "<group>";
		};
/* End PBXVariantGroup section */

/* Begin XCBuildConfiguration section */
		7C8230ED154BDC7F00CFB886 /* Debug */ = {
			isa = XCBuildConfiguration;
			buildSettings = {
				ALWAYS_SEARCH_USER_PATHS = NO;
				ARCHS = "$(ARCHS_STANDARD_32_BIT)";
				CLANG_ENABLE_OBJC_ARC = YES;
				"CODE_SIGN_IDENTITY[sdk=iphoneos*]" = "iPhone Developer";
				COPY_PHASE_STRIP = NO;
				GCC_C_LANGUAGE_STANDARD = gnu99;
				GCC_DYNAMIC_NO_PIC = NO;
				GCC_OPTIMIZATION_LEVEL = 0;
				GCC_PREPROCESSOR_DEFINITIONS = (
					"DEBUG=1",
					"$(inherited)",
				);
				GCC_SYMBOLS_PRIVATE_EXTERN = NO;
				GCC_VERSION = com.apple.compilers.llvm.clang.1_0;
				GCC_WARN_ABOUT_RETURN_TYPE = YES;
				GCC_WARN_UNINITIALIZED_AUTOS = YES;
				GCC_WARN_UNUSED_VARIABLE = YES;
				IPHONEOS_DEPLOYMENT_TARGET = 5.1;
				SDKROOT = iphoneos;
				TARGETED_DEVICE_FAMILY = "1,2";
			};
			name = Debug;
		};
		7C8230EE154BDC7F00CFB886 /* Release */ = {
			isa = XCBuildConfiguration;
			buildSettings = {
				ALWAYS_SEARCH_USER_PATHS = NO;
				ARCHS = "$(ARCHS_STANDARD_32_BIT)";
				CLANG_ENABLE_OBJC_ARC = YES;
				"CODE_SIGN_IDENTITY[sdk=iphoneos*]" = "iPhone Developer";
				COPY_PHASE_STRIP = YES;
				GCC_C_LANGUAGE_STANDARD = gnu99;
				GCC_VERSION = com.apple.compilers.llvm.clang.1_0;
				GCC_WARN_ABOUT_RETURN_TYPE = YES;
				GCC_WARN_UNINITIALIZED_AUTOS = YES;
				GCC_WARN_UNUSED_VARIABLE = YES;
				IPHONEOS_DEPLOYMENT_TARGET = 5.1;
				OTHER_CFLAGS = "-DNS_BLOCK_ASSERTIONS=1";
				SDKROOT = iphoneos;
				TARGETED_DEVICE_FAMILY = "1,2";
				VALIDATE_PRODUCT = YES;
			};
			name = Release;
		};
		7C8230F0154BDC7F00CFB886 /* Debug */ = {
			isa = XCBuildConfiguration;
			buildSettings = {
				GCC_PRECOMPILE_PREFIX_HEADER = YES;
				GCC_PREFIX_HEADER = "ClienteLectorLibro/ClienteLectorLibro-Prefix.pch";
				INFOPLIST_FILE = "ClienteLectorLibro/ClienteLectorLibro-Info.plist";
				PRODUCT_NAME = "$(TARGET_NAME)";
				WRAPPER_EXTENSION = app;
			};
			name = Debug;
		};
		7C8230F1154BDC7F00CFB886 /* Release */ = {
			isa = XCBuildConfiguration;
			buildSettings = {
				GCC_PRECOMPILE_PREFIX_HEADER = YES;
				GCC_PREFIX_HEADER = "ClienteLectorLibro/ClienteLectorLibro-Prefix.pch";
				INFOPLIST_FILE = "ClienteLectorLibro/ClienteLectorLibro-Info.plist";
				PRODUCT_NAME = "$(TARGET_NAME)";
				WRAPPER_EXTENSION = app;
			};
			name = Release;
		};
		7C8230F3154BDC7F00CFB886 /* Debug */ = {
			isa = XCBuildConfiguration;
			buildSettings = {
				BUNDLE_LOADER = "$(BUILT_PRODUCTS_DIR)/ClienteLectorLibro.app/ClienteLectorLibro";
				FRAMEWORK_SEARCH_PATHS = (
					"$(SDKROOT)/Developer/Library/Frameworks",
					"$(DEVELOPER_LIBRARY_DIR)/Frameworks",
				);
				GCC_PRECOMPILE_PREFIX_HEADER = YES;
				GCC_PREFIX_HEADER = "ClienteLectorLibro/ClienteLectorLibro-Prefix.pch";
				INFOPLIST_FILE = "ClienteLectorLibroTests/ClienteLectorLibroTests-Info.plist";
				PRODUCT_NAME = "$(TARGET_NAME)";
				TEST_HOST = "$(BUNDLE_LOADER)";
				WRAPPER_EXTENSION = octest;
			};
			name = Debug;
		};
		7C8230F4154BDC7F00CFB886 /* Release */ = {
			isa = XCBuildConfiguration;
			buildSettings = {
				BUNDLE_LOADER = "$(BUILT_PRODUCTS_DIR)/ClienteLectorLibro.app/ClienteLectorLibro";
				FRAMEWORK_SEARCH_PATHS = (
					"$(SDKROOT)/Developer/Library/Frameworks",
					"$(DEVELOPER_LIBRARY_DIR)/Frameworks",
				);
				GCC_PRECOMPILE_PREFIX_HEADER = YES;
				GCC_PREFIX_HEADER = "ClienteLectorLibro/ClienteLectorLibro-Prefix.pch";
				INFOPLIST_FILE = "ClienteLectorLibroTests/ClienteLectorLibroTests-Info.plist";
				PRODUCT_NAME = "$(TARGET_NAME)";
				TEST_HOST = "$(BUNDLE_LOADER)";
				WRAPPER_EXTENSION = octest;
			};
			name = Release;
		};
/* End XCBuildConfiguration section */

/* Begin XCConfigurationList section */
		7C8230B6154BDC7E00CFB886 /* Build configuration list for PBXProject "ClienteLectorLibro" */ = {
			isa = XCConfigurationList;
			buildConfigurations = (
				7C8230ED154BDC7F00CFB886 /* Debug */,
				7C8230EE154BDC7F00CFB886 /* Release */,
			);
			defaultConfigurationIsVisible = 0;
			defaultConfigurationName = Release;
		};
		7C8230EF154BDC7F00CFB886 /* Build configuration list for PBXNativeTarget "ClienteLectorLibro" */ = {
			isa = XCConfigurationList;
			buildConfigurations = (
				7C8230F0154BDC7F00CFB886 /* Debug */,
				7C8230F1154BDC7F00CFB886 /* Release */,
			);
			defaultConfigurationIsVisible = 0;
		};
		7C8230F2154BDC7F00CFB886 /* Build configuration list for PBXNativeTarget "ClienteLectorLibroTests" */ = {
			isa = XCConfigurationList;
			buildConfigurations = (
				7C8230F3154BDC7F00CFB886 /* Debug */,
				7C8230F4154BDC7F00CFB886 /* Release */,
			);
			defaultConfigurationIsVisible = 0;
		};
/* End XCConfigurationList section */

/* Begin XCVersionGroup section */
		7C8230D4154BDC7F00CFB886 /* ClienteLectorLibro.xcdatamodeld */ = {
			isa = XCVersionGroup;
			children = (
				7C8230D5154BDC7F00CFB886 /* ClienteLectorLibro.xcdatamodel */,
			);
			currentVersion = 7C8230D5154BDC7F00CFB886 /* ClienteLectorLibro.xcdatamodel */;
			path = ClienteLectorLibro.xcdatamodeld;
			sourceTree = "<group>";
			versionGroupType = wrapper.xcdatamodel;
		};
/* End XCVersionGroup section */
	};
	rootObject = 7C8230B3154BDC7E00CFB886 /* Project object */;
}
